// !$*UTF8*$!
{
	archiveVersion = 1;
	classes = {
	};
	objectVersion = 56;
	objects = {

/* Begin PBXBuildFile section */
		17A3BB5C299A72B600D27026 /* CryptedTruthApp.swift in Sources */ = {isa = PBXBuildFile; fileRef = 17A3BB5B299A72B600D27026 /* CryptedTruthApp.swift */; };
		17A3BB5E299A72B600D27026 /* ContentView.swift in Sources */ = {isa = PBXBuildFile; fileRef = 17A3BB5D299A72B600D27026 /* ContentView.swift */; };
		17A3BB60299A72B700D27026 /* Assets.xcassets in Resources */ = {isa = PBXBuildFile; fileRef = 17A3BB5F299A72B700D27026 /* Assets.xcassets */; };
		17A3BB63299A72B700D27026 /* Preview Assets.xcassets in Resources */ = {isa = PBXBuildFile; fileRef = 17A3BB62299A72B700D27026 /* Preview Assets.xcassets */; };
		17A3BB6A299A72CD00D27026 /* .gitignore in Resources */ = {isa = PBXBuildFile; fileRef = 17A3BB69299A72CD00D27026 /* .gitignore */; };
		BD78003E299D13C700C6C974 /* Victim.swift in Sources */ = {isa = PBXBuildFile; fileRef = BD78003D299D13C700C6C974 /* Victim.swift */; };
		BD780042299D15F100C6C974 /* VictimsService.swift in Sources */ = {isa = PBXBuildFile; fileRef = BD780041299D15F100C6C974 /* VictimsService.swift */; };
		BD780049299D581D00C6C974 /* VictimViewModel.swift in Sources */ = {isa = PBXBuildFile; fileRef = BD780048299D581D00C6C974 /* VictimViewModel.swift */; };
		BDE36FC3299BBCF5005E399E /* BoardView.swift in Sources */ = {isa = PBXBuildFile; fileRef = BDE36FC2299BBCF5005E399E /* BoardView.swift */; };
		BDE36FCD299BDC77005E399E /* CardBoardView.swift in Sources */ = {isa = PBXBuildFile; fileRef = BDE36FCC299BDC77005E399E /* CardBoardView.swift */; };
/* End PBXBuildFile section */

/* Begin PBXFileReference section */
		17A3BB58299A72B600D27026 /* CryptedTruth.app */ = {isa = PBXFileReference; explicitFileType = wrapper.application; includeInIndex = 0; path = CryptedTruth.app; sourceTree = BUILT_PRODUCTS_DIR; };
		17A3BB5B299A72B600D27026 /* CryptedTruthApp.swift */ = {isa = PBXFileReference; lastKnownFileType = sourcecode.swift; path = CryptedTruthApp.swift; sourceTree = "<group>"; };
		17A3BB5D299A72B600D27026 /* ContentView.swift */ = {isa = PBXFileReference; lastKnownFileType = sourcecode.swift; path = ContentView.swift; sourceTree = "<group>"; };
		17A3BB5F299A72B700D27026 /* Assets.xcassets */ = {isa = PBXFileReference; lastKnownFileType = folder.assetcatalog; path = Assets.xcassets; sourceTree = "<group>"; };
		17A3BB62299A72B700D27026 /* Preview Assets.xcassets */ = {isa = PBXFileReference; lastKnownFileType = folder.assetcatalog; path = "Preview Assets.xcassets"; sourceTree = "<group>"; };
		17A3BB69299A72CD00D27026 /* .gitignore */ = {isa = PBXFileReference; fileEncoding = 4; lastKnownFileType = text; path = .gitignore; sourceTree = "<group>"; };
		BD78003D299D13C700C6C974 /* Victim.swift */ = {isa = PBXFileReference; lastKnownFileType = sourcecode.swift; path = Victim.swift; sourceTree = "<group>"; };
		BD780041299D15F100C6C974 /* VictimsService.swift */ = {isa = PBXFileReference; lastKnownFileType = sourcecode.swift; path = VictimsService.swift; sourceTree = "<group>"; };
		BD780048299D581D00C6C974 /* VictimViewModel.swift */ = {isa = PBXFileReference; lastKnownFileType = sourcecode.swift; path = VictimViewModel.swift; sourceTree = "<group>"; };
		BDE36FC2299BBCF5005E399E /* BoardView.swift */ = {isa = PBXFileReference; lastKnownFileType = sourcecode.swift; path = BoardView.swift; sourceTree = "<group>"; };
		BDE36FCC299BDC77005E399E /* CardBoardView.swift */ = {isa = PBXFileReference; lastKnownFileType = sourcecode.swift; path = CardBoardView.swift; sourceTree = "<group>"; };
/* End PBXFileReference section */

/* Begin PBXFrameworksBuildPhase section */
		17A3BB55299A72B600D27026 /* Frameworks */ = {
			isa = PBXFrameworksBuildPhase;
			buildActionMask = 2147483647;
			files = (
			);
			runOnlyForDeploymentPostprocessing = 0;
		};
/* End PBXFrameworksBuildPhase section */

/* Begin PBXGroup section */
		17A3BB4F299A72B600D27026 = {
			isa = PBXGroup;
			children = (
				17A3BB5A299A72B600D27026 /* CryptedTruth */,
				17A3BB69299A72CD00D27026 /* .gitignore */,
				17A3BB59299A72B600D27026 /* Products */,
			);
			sourceTree = "<group>";
		};
		17A3BB59299A72B600D27026 /* Products */ = {
			isa = PBXGroup;
			children = (
				17A3BB58299A72B600D27026 /* CryptedTruth.app */,
			);
			name = Products;
			sourceTree = "<group>";
		};
		17A3BB5A299A72B600D27026 /* CryptedTruth */ = {
			isa = PBXGroup;
			children = (
				17A3BB5B299A72B600D27026 /* CryptedTruthApp.swift */,
				17A3BB5D299A72B600D27026 /* ContentView.swift */,
				BD780047299D307100C6C974 /* Services */,
				BD780040299D13E400C6C974 /* Models */,
				BD78003C299D113900C6C974 /* Views */,
				BD78004A299D642800C6C974 /* ViewModel */,
				17A3BB5F299A72B700D27026 /* Assets.xcassets */,
				17A3BB61299A72B700D27026 /* Preview Content */,
			);
			path = CryptedTruth;
			sourceTree = "<group>";
		};
		17A3BB61299A72B700D27026 /* Preview Content */ = {
			isa = PBXGroup;
			children = (
				17A3BB62299A72B700D27026 /* Preview Assets.xcassets */,
			);
			path = "Preview Content";
			sourceTree = "<group>";
		};
		BD78003C299D113900C6C974 /* Views */ = {
			isa = PBXGroup;
			children = (
				BDE36FC2299BBCF5005E399E /* BoardView.swift */,
				BDE36FCC299BDC77005E399E /* CardBoardView.swift */,
			);
			path = Views;
			sourceTree = "<group>";
		};
		BD780040299D13E400C6C974 /* Models */ = {
			isa = PBXGroup;
			children = (
				BD78003D299D13C700C6C974 /* Victim.swift */,
			);
			path = Models;
			sourceTree = "<group>";
		};
		BD780047299D307100C6C974 /* Services */ = {
			isa = PBXGroup;
			children = (
				BD780041299D15F100C6C974 /* VictimsService.swift */,
			);
			path = Services;
			sourceTree = "<group>";
		};
		BD78004A299D642800C6C974 /* ViewModel */ = {
			isa = PBXGroup;
			children = (
				BD780048299D581D00C6C974 /* VictimViewModel.swift */,
			);
			path = ViewModel;
			sourceTree = "<group>";
		};
/* End PBXGroup section */

/* Begin PBXNativeTarget section */
		17A3BB57299A72B600D27026 /* CryptedTruth */ = {
			isa = PBXNativeTarget;
			buildConfigurationList = 17A3BB66299A72B700D27026 /* Build configuration list for PBXNativeTarget "CryptedTruth" */;
			buildPhases = (
				17A3BB54299A72B600D27026 /* Sources */,
				17A3BB55299A72B600D27026 /* Frameworks */,
				17A3BB56299A72B600D27026 /* Resources */,
			);
			buildRules = (
			);
			dependencies = (
			);
			name = CryptedTruth;
			productName = CryptedTruth;
			productReference = 17A3BB58299A72B600D27026 /* CryptedTruth.app */;
			productType = "com.apple.product-type.application";
		};
/* End PBXNativeTarget section */

/* Begin PBXProject section */
		17A3BB50299A72B600D27026 /* Project object */ = {
			isa = PBXProject;
			attributes = {
				BuildIndependentTargetsInParallel = 1;
				LastSwiftUpdateCheck = 1420;
				LastUpgradeCheck = 1420;
				TargetAttributes = {
					17A3BB57299A72B600D27026 = {
						CreatedOnToolsVersion = 14.2;
					};
				};
			};
			buildConfigurationList = 17A3BB53299A72B600D27026 /* Build configuration list for PBXProject "CryptedTruth" */;
			compatibilityVersion = "Xcode 14.0";
			developmentRegion = en;
			hasScannedForEncodings = 0;
			knownRegions = (
				en,
				Base,
			);
			mainGroup = 17A3BB4F299A72B600D27026;
			productRefGroup = 17A3BB59299A72B600D27026 /* Products */;
			projectDirPath = "";
			projectRoot = "";
			targets = (
				17A3BB57299A72B600D27026 /* CryptedTruth */,
			);
		};
/* End PBXProject section */

/* Begin PBXResourcesBuildPhase section */
		17A3BB56299A72B600D27026 /* Resources */ = {
			isa = PBXResourcesBuildPhase;
			buildActionMask = 2147483647;
			files = (
				17A3BB63299A72B700D27026 /* Preview Assets.xcassets in Resources */,
				17A3BB6A299A72CD00D27026 /* .gitignore in Resources */,
				17A3BB60299A72B700D27026 /* Assets.xcassets in Resources */,
			);
			runOnlyForDeploymentPostprocessing = 0;
		};
/* End PBXResourcesBuildPhase section */

/* Begin PBXSourcesBuildPhase section */
		17A3BB54299A72B600D27026 /* Sources */ = {
			isa = PBXSourcesBuildPhase;
			buildActionMask = 2147483647;
			files = (
				BDE36FC3299BBCF5005E399E /* BoardView.swift in Sources */,
				17A3BB5E299A72B600D27026 /* ContentView.swift in Sources */,
				17A3BB5C299A72B600D27026 /* CryptedTruthApp.swift in Sources */,
				BD780049299D581D00C6C974 /* VictimViewModel.swift in Sources */,
				BD780042299D15F100C6C974 /* VictimsService.swift in Sources */,
				BDE36FCD299BDC77005E399E /* CardBoardView.swift in Sources */,
				BD78003E299D13C700C6C974 /* Victim.swift in Sources */,
			);
			runOnlyForDeploymentPostprocessing = 0;
		};
/* End PBXSourcesBuildPhase section */

/* Begin XCBuildConfiguration section */
		17A3BB64299A72B700D27026 /* Debug */ = {
			isa = XCBuildConfiguration;
			buildSettings = {
				ALWAYS_SEARCH_USER_PATHS = NO;
				CLANG_ANALYZER_NONNULL = YES;
				CLANG_ANALYZER_NUMBER_OBJECT_CONVERSION = YES_AGGRESSIVE;
				CLANG_CXX_LANGUAGE_STANDARD = "gnu++20";
				CLANG_ENABLE_MODULES = YES;
				CLANG_ENABLE_OBJC_ARC = YES;
				CLANG_ENABLE_OBJC_WEAK = YES;
				CLANG_WARN_BLOCK_CAPTURE_AUTORELEASING = YES;
				CLANG_WARN_BOOL_CONVERSION = YES;
				CLANG_WARN_COMMA = YES;
				CLANG_WARN_CONSTANT_CONVERSION = YES;
				CLANG_WARN_DEPRECATED_OBJC_IMPLEMENTATIONS = YES;
				CLANG_WARN_DIRECT_OBJC_ISA_USAGE = YES_ERROR;
				CLANG_WARN_DOCUMENTATION_COMMENTS = YES;
				CLANG_WARN_EMPTY_BODY = YES;
				CLANG_WARN_ENUM_CONVERSION = YES;
				CLANG_WARN_INFINITE_RECURSION = YES;
				CLANG_WARN_INT_CONVERSION = YES;
				CLANG_WARN_NON_LITERAL_NULL_CONVERSION = YES;
				CLANG_WARN_OBJC_IMPLICIT_RETAIN_SELF = YES;
				CLANG_WARN_OBJC_LITERAL_CONVERSION = YES;
				CLANG_WARN_OBJC_ROOT_CLASS = YES_ERROR;
				CLANG_WARN_QUOTED_INCLUDE_IN_FRAMEWORK_HEADER = YES;
				CLANG_WARN_RANGE_LOOP_ANALYSIS = YES;
				CLANG_WARN_STRICT_PROTOTYPES = YES;
				CLANG_WARN_SUSPICIOUS_MOVE = YES;
				CLANG_WARN_UNGUARDED_AVAILABILITY = YES_AGGRESSIVE;
				CLANG_WARN_UNREACHABLE_CODE = YES;
				CLANG_WARN__DUPLICATE_METHOD_MATCH = YES;
				COPY_PHASE_STRIP = NO;
				DEBUG_INFORMATION_FORMAT = dwarf;
				ENABLE_STRICT_OBJC_MSGSEND = YES;
				ENABLE_TESTABILITY = YES;
				GCC_C_LANGUAGE_STANDARD = gnu11;
				GCC_DYNAMIC_NO_PIC = NO;
				GCC_NO_COMMON_BLOCKS = YES;
				GCC_OPTIMIZATION_LEVEL = 0;
				GCC_PREPROCESSOR_DEFINITIONS = (
					"DEBUG=1",
					"$(inherited)",
				);
				GCC_WARN_64_TO_32_BIT_CONVERSION = YES;
				GCC_WARN_ABOUT_RETURN_TYPE = YES_ERROR;
				GCC_WARN_UNDECLARED_SELECTOR = YES;
				GCC_WARN_UNINITIALIZED_AUTOS = YES_AGGRESSIVE;
				GCC_WARN_UNUSED_FUNCTION = YES;
				GCC_WARN_UNUSED_VARIABLE = YES;
				MTL_ENABLE_DEBUG_INFO = INCLUDE_SOURCE;
				MTL_FAST_MATH = YES;
				ONLY_ACTIVE_ARCH = YES;
				SDKROOT = appletvos;
				SWIFT_ACTIVE_COMPILATION_CONDITIONS = DEBUG;
				SWIFT_OPTIMIZATION_LEVEL = "-Onone";
				TVOS_DEPLOYMENT_TARGET = 16.1;
			};
			name = Debug;
		};
		17A3BB65299A72B700D27026 /* Release */ = {
			isa = XCBuildConfiguration;
			buildSettings = {
				ALWAYS_SEARCH_USER_PATHS = NO;
				CLANG_ANALYZER_NONNULL = YES;
				CLANG_ANALYZER_NUMBER_OBJECT_CONVERSION = YES_AGGRESSIVE;
				CLANG_CXX_LANGUAGE_STANDARD = "gnu++20";
				CLANG_ENABLE_MODULES = YES;
				CLANG_ENABLE_OBJC_ARC = YES;
				CLANG_ENABLE_OBJC_WEAK = YES;
				CLANG_WARN_BLOCK_CAPTURE_AUTORELEASING = YES;
				CLANG_WARN_BOOL_CONVERSION = YES;
				CLANG_WARN_COMMA = YES;
				CLANG_WARN_CONSTANT_CONVERSION = YES;
				CLANG_WARN_DEPRECATED_OBJC_IMPLEMENTATIONS = YES;
				CLANG_WARN_DIRECT_OBJC_ISA_USAGE = YES_ERROR;
				CLANG_WARN_DOCUMENTATION_COMMENTS = YES;
				CLANG_WARN_EMPTY_BODY = YES;
				CLANG_WARN_ENUM_CONVERSION = YES;
				CLANG_WARN_INFINITE_RECURSION = YES;
				CLANG_WARN_INT_CONVERSION = YES;
				CLANG_WARN_NON_LITERAL_NULL_CONVERSION = YES;
				CLANG_WARN_OBJC_IMPLICIT_RETAIN_SELF = YES;
				CLANG_WARN_OBJC_LITERAL_CONVERSION = YES;
				CLANG_WARN_OBJC_ROOT_CLASS = YES_ERROR;
				CLANG_WARN_QUOTED_INCLUDE_IN_FRAMEWORK_HEADER = YES;
				CLANG_WARN_RANGE_LOOP_ANALYSIS = YES;
				CLANG_WARN_STRICT_PROTOTYPES = YES;
				CLANG_WARN_SUSPICIOUS_MOVE = YES;
				CLANG_WARN_UNGUARDED_AVAILABILITY = YES_AGGRESSIVE;
				CLANG_WARN_UNREACHABLE_CODE = YES;
				CLANG_WARN__DUPLICATE_METHOD_MATCH = YES;
				COPY_PHASE_STRIP = NO;
				DEBUG_INFORMATION_FORMAT = "dwarf-with-dsym";
				ENABLE_NS_ASSERTIONS = NO;
				ENABLE_STRICT_OBJC_MSGSEND = YES;
				GCC_C_LANGUAGE_STANDARD = gnu11;
				GCC_NO_COMMON_BLOCKS = YES;
				GCC_WARN_64_TO_32_BIT_CONVERSION = YES;
				GCC_WARN_ABOUT_RETURN_TYPE = YES_ERROR;
				GCC_WARN_UNDECLARED_SELECTOR = YES;
				GCC_WARN_UNINITIALIZED_AUTOS = YES_AGGRESSIVE;
				GCC_WARN_UNUSED_FUNCTION = YES;
				GCC_WARN_UNUSED_VARIABLE = YES;
				MTL_ENABLE_DEBUG_INFO = NO;
				MTL_FAST_MATH = YES;
				SDKROOT = appletvos;
				SWIFT_COMPILATION_MODE = wholemodule;
				SWIFT_OPTIMIZATION_LEVEL = "-O";
				TVOS_DEPLOYMENT_TARGET = 16.1;
				VALIDATE_PRODUCT = YES;
			};
			name = Release;
		};
		17A3BB67299A72B700D27026 /* Debug */ = {
			isa = XCBuildConfiguration;
			buildSettings = {
				ASSETCATALOG_COMPILER_APPICON_NAME = "App Icon & Top Shelf Image";
				ASSETCATALOG_COMPILER_GLOBAL_ACCENT_COLOR_NAME = AccentColor;
				CODE_SIGN_STYLE = Automatic;
				CURRENT_PROJECT_VERSION = 1;
				DEVELOPMENT_ASSET_PATHS = "\"CryptedTruth/Preview Content\"";
				DEVELOPMENT_TEAM = "";
				ENABLE_PREVIEWS = YES;
				GENERATE_INFOPLIST_FILE = YES;
				INFOPLIST_KEY_UILaunchScreen_Generation = YES;
				INFOPLIST_KEY_UIUserInterfaceStyle = Automatic;
				LD_RUNPATH_SEARCH_PATHS = (
					"$(inherited)",
					"@executable_path/Frameworks",
				);
				MARKETING_VERSION = 1.0;
				PRODUCT_BUNDLE_IDENTIFIER = com.devacademymao.CryptedTruth;
				PRODUCT_NAME = "$(TARGET_NAME)";
				SWIFT_EMIT_LOC_STRINGS = YES;
				SWIFT_VERSION = 5.0;
				TARGETED_DEVICE_FAMILY = 3;
			};
			name = Debug;
		};
		17A3BB68299A72B700D27026 /* Release */ = {
			isa = XCBuildConfiguration;
			buildSettings = {
				ASSETCATALOG_COMPILER_APPICON_NAME = "App Icon & Top Shelf Image";
				ASSETCATALOG_COMPILER_GLOBAL_ACCENT_COLOR_NAME = AccentColor;
				CODE_SIGN_STYLE = Automatic;
				CURRENT_PROJECT_VERSION = 1;
				DEVELOPMENT_ASSET_PATHS = "\"CryptedTruth/Preview Content\"";
				DEVELOPMENT_TEAM = "";
				ENABLE_PREVIEWS = YES;
				GENERATE_INFOPLIST_FILE = YES;
				INFOPLIST_KEY_UILaunchScreen_Generation = YES;
				INFOPLIST_KEY_UIUserInterfaceStyle = Automatic;
				LD_RUNPATH_SEARCH_PATHS = (
					"$(inherited)",
					"@executable_path/Frameworks",
				);
				MARKETING_VERSION = 1.0;
				PRODUCT_BUNDLE_IDENTIFIER = com.devacademymao.CryptedTruth;
				PRODUCT_NAME = "$(TARGET_NAME)";
				SWIFT_EMIT_LOC_STRINGS = YES;
				SWIFT_VERSION = 5.0;
				TARGETED_DEVICE_FAMILY = 3;
			};
			name = Release;
		};
/* End XCBuildConfiguration section */

/* Begin XCConfigurationList section */
		17A3BB53299A72B600D27026 /* Build configuration list for PBXProject "CryptedTruth" */ = {
			isa = XCConfigurationList;
			buildConfigurations = (
				17A3BB64299A72B700D27026 /* Debug */,
				17A3BB65299A72B700D27026 /* Release */,
			);
			defaultConfigurationIsVisible = 0;
			defaultConfigurationName = Release;
		};
		17A3BB66299A72B700D27026 /* Build configuration list for PBXNativeTarget "CryptedTruth" */ = {
			isa = XCConfigurationList;
			buildConfigurations = (
				17A3BB67299A72B700D27026 /* Debug */,
				17A3BB68299A72B700D27026 /* Release */,
			);
			defaultConfigurationIsVisible = 0;
			defaultConfigurationName = Release;
		};
/* End XCConfigurationList section */
	};
	rootObject = 17A3BB50299A72B600D27026 /* Project object */;
}
