// !$*UTF8*$!
{
	archiveVersion = 1;
	classes = {
	};
	objectVersion = 56;
	objects = {

/* Begin PBXBuildFile section */
		173502C6299FD8D900C57D55 /* GeniusView.swift in Sources */ = {isa = PBXBuildFile; fileRef = 173502C5299FD8D900C57D55 /* GeniusView.swift */; };
		173502C8299FD8F000C57D55 /* GeniusViewModel.swift in Sources */ = {isa = PBXBuildFile; fileRef = 173502C7299FD8F000C57D55 /* GeniusViewModel.swift */; };
		173502CB299FD92A00C57D55 /* Color+customColors.swift in Sources */ = {isa = PBXBuildFile; fileRef = 173502CA299FD92A00C57D55 /* Color+customColors.swift */; };
		173502CD299FD97B00C57D55 /* Direction.swift in Sources */ = {isa = PBXBuildFile; fileRef = 173502CC299FD97B00C57D55 /* Direction.swift */; };
		1768019C29AC2EA500517A96 /* BlankButtonStyle.swift in Sources */ = {isa = PBXBuildFile; fileRef = 1768019B29AC2EA500517A96 /* BlankButtonStyle.swift */; };
		17A3BB5C299A72B600D27026 /* CryptedTruthApp.swift in Sources */ = {isa = PBXBuildFile; fileRef = 17A3BB5B299A72B600D27026 /* CryptedTruthApp.swift */; };
		17A3BB63299A72B700D27026 /* Preview Assets.xcassets in Resources */ = {isa = PBXBuildFile; fileRef = 17A3BB62299A72B700D27026 /* Preview Assets.xcassets */; };
		17A3BB6A299A72CD00D27026 /* .gitignore in Resources */ = {isa = PBXBuildFile; fileRef = 17A3BB69299A72CD00D27026 /* .gitignore */; };
		17BA3DA329AA9AB500D7E810 /* Avatars.swift in Sources */ = {isa = PBXBuildFile; fileRef = 17BA3DA229AA9AB500D7E810 /* Avatars.swift */; };
		17CA287E29AADD6200A3F563 /* GeniusMockedSwipes.swift in Sources */ = {isa = PBXBuildFile; fileRef = 17CA287D29AADD6200A3F563 /* GeniusMockedSwipes.swift */; };
		17CA287F29AAECD800A3F563 /* Assets.xcassets in Resources */ = {isa = PBXBuildFile; fileRef = 17A3BB5F299A72B700D27026 /* Assets.xcassets */; };
		17EB95C329ABEE86003407BF /* GeniusConcludedView.swift in Sources */ = {isa = PBXBuildFile; fileRef = 17EB95C229ABEE86003407BF /* GeniusConcludedView.swift */; };
		17EB95C629AC26E4003407BF /* GeniusSubtitleView.swift in Sources */ = {isa = PBXBuildFile; fileRef = 17EB95C429ABEF9C003407BF /* GeniusSubtitleView.swift */; };
		17ED78AD29A8EDAF00CA20AF /* tambourine.mpeg in Resources */ = {isa = PBXBuildFile; fileRef = 17ED78A929A8EDAF00CA20AF /* tambourine.mpeg */; };
		17ED78AE29A8EDAF00CA20AF /* sax.mpeg in Resources */ = {isa = PBXBuildFile; fileRef = 17ED78AA29A8EDAF00CA20AF /* sax.mpeg */; };
		17ED78AF29A8EDAF00CA20AF /* piano.mpeg in Resources */ = {isa = PBXBuildFile; fileRef = 17ED78AB29A8EDAF00CA20AF /* piano.mpeg */; };
		17ED78B029A8EDAF00CA20AF /* guitar.mpeg in Resources */ = {isa = PBXBuildFile; fileRef = 17ED78AC29A8EDAF00CA20AF /* guitar.mpeg */; };
		17ED78B229A8F09C00CA20AF /* SoundManager.swift in Sources */ = {isa = PBXBuildFile; fileRef = 17ED78B129A8F09C00CA20AF /* SoundManager.swift */; };
		17ED78B629A91CBA00CA20AF /* FuzzyBubbles-Bold.ttf in Resources */ = {isa = PBXBuildFile; fileRef = 173502D929A6931600C57D55 /* FuzzyBubbles-Bold.ttf */; };
		17ED78B729A91CBC00CA20AF /* FuzzyBubbles-Regular.ttf in Resources */ = {isa = PBXBuildFile; fileRef = 173502DA29A6931600C57D55 /* FuzzyBubbles-Regular.ttf */; };
		17ED78B829A91DF400CA20AF /* PTMono-Regular.ttf in Resources */ = {isa = PBXBuildFile; fileRef = 173502DB29A6931F00C57D55 /* PTMono-Regular.ttf */; };
		17ED78BB29A924B900CA20AF /* PTMono-Bold.ttf in Resources */ = {isa = PBXBuildFile; fileRef = 17ED78BA29A924B900CA20AF /* PTMono-Bold.ttf */; };
		17ED78BD29A9872600CA20AF /* Instrument.swift in Sources */ = {isa = PBXBuildFile; fileRef = 17ED78BC29A9872600CA20AF /* Instrument.swift */; };
		8B0B824529AC22FF00B4AE95 /* IntroductionSubtitlesService.swift in Sources */ = {isa = PBXBuildFile; fileRef = 8B0B824429AC22FF00B4AE95 /* IntroductionSubtitlesService.swift */; };
		8B0B824729AC2E3C00B4AE95 /* Shape+Triangle.swift in Sources */ = {isa = PBXBuildFile; fileRef = 8B0B824629AC2E3C00B4AE95 /* Shape+Triangle.swift */; };
		8B0B824929AC5E1900B4AE95 /* IntroductionViewModel.swift in Sources */ = {isa = PBXBuildFile; fileRef = 8B0B824829AC5E1900B4AE95 /* IntroductionViewModel.swift */; };
		8B202F6029AB15B8009C5CB6 /* TasteSmellStructure.swift in Sources */ = {isa = PBXBuildFile; fileRef = 8B202F5F29AB15B8009C5CB6 /* TasteSmellStructure.swift */; };
		8B202F6229AB15E9009C5CB6 /* MiniGameSubtitlesService.swift in Sources */ = {isa = PBXBuildFile; fileRef = 8B202F6129AB15E9009C5CB6 /* MiniGameSubtitlesService.swift */; };
		8B202F6429AB164C009C5CB6 /* Shape+Pentagon.swift in Sources */ = {isa = PBXBuildFile; fileRef = 8B202F6329AB164C009C5CB6 /* Shape+Pentagon.swift */; };
		8B5B6640299E7AEA006A23CD /* Recipe.swift in Sources */ = {isa = PBXBuildFile; fileRef = 8B5B663F299E7AEA006A23CD /* Recipe.swift */; };
		8B5B6642299E8169006A23CD /* RecipesService.swift in Sources */ = {isa = PBXBuildFile; fileRef = 8B5B6641299E8169006A23CD /* RecipesService.swift */; };
		8B7FEA5929ABBD9E00ABCDF0 /* InitialView.swift in Sources */ = {isa = PBXBuildFile; fileRef = 8B7FEA5829ABBD9E00ABCDF0 /* InitialView.swift */; };
		8B7FEA5B29ABD03300ABCDF0 /* IntroductionView.swift in Sources */ = {isa = PBXBuildFile; fileRef = 8B7FEA5A29ABD03300ABCDF0 /* IntroductionView.swift */; };
		8BBBDC9629A7B57D00F40463 /* SmellMiniGame.swift in Sources */ = {isa = PBXBuildFile; fileRef = 8BBBDC9529A7B57D00F40463 /* SmellMiniGame.swift */; };
		8BBBDC9829A7B59200F40463 /* TasteMiniGame.swift in Sources */ = {isa = PBXBuildFile; fileRef = 8BBBDC9729A7B59200F40463 /* TasteMiniGame.swift */; };
		8BBBDC9A29A7B9EE00F40463 /* AromasService.swift in Sources */ = {isa = PBXBuildFile; fileRef = 8BBBDC9929A7B9EE00F40463 /* AromasService.swift */; };
		8BBBDC9E29A8E99E00F40463 /* MiniGameSubtitle.swift in Sources */ = {isa = PBXBuildFile; fileRef = 8BBBDC9D29A8E99E00F40463 /* MiniGameSubtitle.swift */; };
		8D55F92F299D2CE500964EAC /* MiniGame3Images.swift in Sources */ = {isa = PBXBuildFile; fileRef = 8D55F92E299D2CE500964EAC /* MiniGame3Images.swift */; };
		8D55F931299D2D4400964EAC /* MiniGame3.swift in Sources */ = {isa = PBXBuildFile; fileRef = 8D55F930299D2D4400964EAC /* MiniGame3.swift */; };
		8D67B1E3299E94D4003A2B09 /* MiniGame3CardButtonView.swift in Sources */ = {isa = PBXBuildFile; fileRef = 8D67B1E2299E94D4003A2B09 /* MiniGame3CardButtonView.swift */; };
		BD6C973429AAA78400DF0AA5 /* ChallengeConcludedView.swift in Sources */ = {isa = PBXBuildFile; fileRef = BD6C973329AAA78400DF0AA5 /* ChallengeConcludedView.swift */; };
		BD78003E299D13C700C6C974 /* Victim.swift in Sources */ = {isa = PBXBuildFile; fileRef = BD78003D299D13C700C6C974 /* Victim.swift */; };
		BD780042299D15F100C6C974 /* VictimsService.swift in Sources */ = {isa = PBXBuildFile; fileRef = BD780041299D15F100C6C974 /* VictimsService.swift */; };
		BD780049299D581D00C6C974 /* VictimViewModel.swift in Sources */ = {isa = PBXBuildFile; fileRef = BD780048299D581D00C6C974 /* VictimViewModel.swift */; };
		BD78004C299E5C8300C6C974 /* Subtitle.swift in Sources */ = {isa = PBXBuildFile; fileRef = BD78004B299E5C8300C6C974 /* Subtitle.swift */; };
		BD780050299E5F4E00C6C974 /* SubtitleViewModel.swift in Sources */ = {isa = PBXBuildFile; fileRef = BD78004F299E5F4E00C6C974 /* SubtitleViewModel.swift */; };
		BD780052299E5FA400C6C974 /* SubtitleView.swift in Sources */ = {isa = PBXBuildFile; fileRef = BD780051299E5FA400C6C974 /* SubtitleView.swift */; };
		BD780054299FA89200C6C974 /* AnagramView.swift in Sources */ = {isa = PBXBuildFile; fileRef = BD780053299FA89200C6C974 /* AnagramView.swift */; };
		BDE36FC3299BBCF5005E399E /* BoardView.swift in Sources */ = {isa = PBXBuildFile; fileRef = BDE36FC2299BBCF5005E399E /* BoardView.swift */; };
		BDE36FCD299BDC77005E399E /* CardBoardView.swift in Sources */ = {isa = PBXBuildFile; fileRef = BDE36FCC299BDC77005E399E /* CardBoardView.swift */; };
/* End PBXBuildFile section */

/* Begin PBXFileReference section */
		173502C5299FD8D900C57D55 /* GeniusView.swift */ = {isa = PBXFileReference; lastKnownFileType = sourcecode.swift; path = GeniusView.swift; sourceTree = "<group>"; };
		173502C7299FD8F000C57D55 /* GeniusViewModel.swift */ = {isa = PBXFileReference; lastKnownFileType = sourcecode.swift; path = GeniusViewModel.swift; sourceTree = "<group>"; };
		173502CA299FD92A00C57D55 /* Color+customColors.swift */ = {isa = PBXFileReference; lastKnownFileType = sourcecode.swift; path = "Color+customColors.swift"; sourceTree = "<group>"; };
		173502CC299FD97B00C57D55 /* Direction.swift */ = {isa = PBXFileReference; lastKnownFileType = sourcecode.swift; path = Direction.swift; sourceTree = "<group>"; };
		173502D929A6931600C57D55 /* FuzzyBubbles-Bold.ttf */ = {isa = PBXFileReference; lastKnownFileType = file; path = "FuzzyBubbles-Bold.ttf"; sourceTree = "<group>"; };
		173502DA29A6931600C57D55 /* FuzzyBubbles-Regular.ttf */ = {isa = PBXFileReference; lastKnownFileType = file; path = "FuzzyBubbles-Regular.ttf"; sourceTree = "<group>"; };
		173502DB29A6931F00C57D55 /* PTMono-Regular.ttf */ = {isa = PBXFileReference; lastKnownFileType = file; path = "PTMono-Regular.ttf"; sourceTree = "<group>"; };
		1768019B29AC2EA500517A96 /* BlankButtonStyle.swift */ = {isa = PBXFileReference; lastKnownFileType = sourcecode.swift; path = BlankButtonStyle.swift; sourceTree = "<group>"; };
		17A3BB58299A72B600D27026 /* CryptedTruth.app */ = {isa = PBXFileReference; explicitFileType = wrapper.application; includeInIndex = 0; path = CryptedTruth.app; sourceTree = BUILT_PRODUCTS_DIR; };
		17A3BB5B299A72B600D27026 /* CryptedTruthApp.swift */ = {isa = PBXFileReference; lastKnownFileType = sourcecode.swift; path = CryptedTruthApp.swift; sourceTree = "<group>"; };
		17A3BB5F299A72B700D27026 /* Assets.xcassets */ = {isa = PBXFileReference; lastKnownFileType = folder.assetcatalog; path = Assets.xcassets; sourceTree = "<group>"; };
		17A3BB62299A72B700D27026 /* Preview Assets.xcassets */ = {isa = PBXFileReference; lastKnownFileType = folder.assetcatalog; path = "Preview Assets.xcassets"; sourceTree = "<group>"; };
		17A3BB69299A72CD00D27026 /* .gitignore */ = {isa = PBXFileReference; fileEncoding = 4; lastKnownFileType = text; path = .gitignore; sourceTree = "<group>"; };
		17BA3DA229AA9AB500D7E810 /* Avatars.swift */ = {isa = PBXFileReference; lastKnownFileType = sourcecode.swift; path = Avatars.swift; sourceTree = "<group>"; };
		17CA287D29AADD6200A3F563 /* GeniusMockedSwipes.swift */ = {isa = PBXFileReference; lastKnownFileType = sourcecode.swift; path = GeniusMockedSwipes.swift; sourceTree = "<group>"; };
		17EB95C229ABEE86003407BF /* GeniusConcludedView.swift */ = {isa = PBXFileReference; lastKnownFileType = sourcecode.swift; path = GeniusConcludedView.swift; sourceTree = "<group>"; };
		17EB95C429ABEF9C003407BF /* GeniusSubtitleView.swift */ = {isa = PBXFileReference; lastKnownFileType = sourcecode.swift; path = GeniusSubtitleView.swift; sourceTree = "<group>"; };
		17ED78A929A8EDAF00CA20AF /* tambourine.mpeg */ = {isa = PBXFileReference; lastKnownFileType = video.mpeg; path = tambourine.mpeg; sourceTree = "<group>"; };
		17ED78AA29A8EDAF00CA20AF /* sax.mpeg */ = {isa = PBXFileReference; lastKnownFileType = video.mpeg; path = sax.mpeg; sourceTree = "<group>"; };
		17ED78AB29A8EDAF00CA20AF /* piano.mpeg */ = {isa = PBXFileReference; lastKnownFileType = video.mpeg; path = piano.mpeg; sourceTree = "<group>"; };
		17ED78AC29A8EDAF00CA20AF /* guitar.mpeg */ = {isa = PBXFileReference; lastKnownFileType = video.mpeg; path = guitar.mpeg; sourceTree = "<group>"; };
		17ED78B129A8F09C00CA20AF /* SoundManager.swift */ = {isa = PBXFileReference; fileEncoding = 4; lastKnownFileType = sourcecode.swift; path = SoundManager.swift; sourceTree = "<group>"; };
		17ED78B929A91ED500CA20AF /* Info.plist */ = {isa = PBXFileReference; lastKnownFileType = text.plist; path = Info.plist; sourceTree = "<group>"; };
		17ED78BA29A924B900CA20AF /* PTMono-Bold.ttf */ = {isa = PBXFileReference; lastKnownFileType = file; path = "PTMono-Bold.ttf"; sourceTree = "<group>"; };
		17ED78BC29A9872600CA20AF /* Instrument.swift */ = {isa = PBXFileReference; lastKnownFileType = sourcecode.swift; path = Instrument.swift; sourceTree = "<group>"; };
		8B0B824429AC22FF00B4AE95 /* IntroductionSubtitlesService.swift */ = {isa = PBXFileReference; lastKnownFileType = sourcecode.swift; path = IntroductionSubtitlesService.swift; sourceTree = "<group>"; };
		8B0B824629AC2E3C00B4AE95 /* Shape+Triangle.swift */ = {isa = PBXFileReference; lastKnownFileType = sourcecode.swift; path = "Shape+Triangle.swift"; sourceTree = "<group>"; };
		8B0B824829AC5E1900B4AE95 /* IntroductionViewModel.swift */ = {isa = PBXFileReference; lastKnownFileType = sourcecode.swift; path = IntroductionViewModel.swift; sourceTree = "<group>"; };
		8B202F5F29AB15B8009C5CB6 /* TasteSmellStructure.swift */ = {isa = PBXFileReference; lastKnownFileType = sourcecode.swift; path = TasteSmellStructure.swift; sourceTree = "<group>"; };
		8B202F6129AB15E9009C5CB6 /* MiniGameSubtitlesService.swift */ = {isa = PBXFileReference; lastKnownFileType = sourcecode.swift; path = MiniGameSubtitlesService.swift; sourceTree = "<group>"; };
		8B202F6329AB164C009C5CB6 /* Shape+Pentagon.swift */ = {isa = PBXFileReference; lastKnownFileType = sourcecode.swift; path = "Shape+Pentagon.swift"; sourceTree = "<group>"; };
		8B5B663F299E7AEA006A23CD /* Recipe.swift */ = {isa = PBXFileReference; lastKnownFileType = sourcecode.swift; path = Recipe.swift; sourceTree = "<group>"; };
		8B5B6641299E8169006A23CD /* RecipesService.swift */ = {isa = PBXFileReference; lastKnownFileType = sourcecode.swift; path = RecipesService.swift; sourceTree = "<group>"; };
		8B7FEA5829ABBD9E00ABCDF0 /* InitialView.swift */ = {isa = PBXFileReference; lastKnownFileType = sourcecode.swift; path = InitialView.swift; sourceTree = "<group>"; };
		8B7FEA5A29ABD03300ABCDF0 /* IntroductionView.swift */ = {isa = PBXFileReference; lastKnownFileType = sourcecode.swift; path = IntroductionView.swift; sourceTree = "<group>"; };
		8BBBDC9529A7B57D00F40463 /* SmellMiniGame.swift */ = {isa = PBXFileReference; lastKnownFileType = sourcecode.swift; path = SmellMiniGame.swift; sourceTree = "<group>"; };
		8BBBDC9729A7B59200F40463 /* TasteMiniGame.swift */ = {isa = PBXFileReference; lastKnownFileType = sourcecode.swift; path = TasteMiniGame.swift; sourceTree = "<group>"; };
		8BBBDC9929A7B9EE00F40463 /* AromasService.swift */ = {isa = PBXFileReference; lastKnownFileType = sourcecode.swift; path = AromasService.swift; sourceTree = "<group>"; };
		8BBBDC9D29A8E99E00F40463 /* MiniGameSubtitle.swift */ = {isa = PBXFileReference; lastKnownFileType = sourcecode.swift; path = MiniGameSubtitle.swift; sourceTree = "<group>"; };
		8D55F92E299D2CE500964EAC /* MiniGame3Images.swift */ = {isa = PBXFileReference; lastKnownFileType = sourcecode.swift; path = MiniGame3Images.swift; sourceTree = "<group>"; };
		8D55F930299D2D4400964EAC /* MiniGame3.swift */ = {isa = PBXFileReference; lastKnownFileType = sourcecode.swift; path = MiniGame3.swift; sourceTree = "<group>"; };
		8D67B1E2299E94D4003A2B09 /* MiniGame3CardButtonView.swift */ = {isa = PBXFileReference; lastKnownFileType = sourcecode.swift; path = MiniGame3CardButtonView.swift; sourceTree = "<group>"; };
		BD6C973329AAA78400DF0AA5 /* ChallengeConcludedView.swift */ = {isa = PBXFileReference; lastKnownFileType = sourcecode.swift; path = ChallengeConcludedView.swift; sourceTree = "<group>"; };
		BD78003D299D13C700C6C974 /* Victim.swift */ = {isa = PBXFileReference; lastKnownFileType = sourcecode.swift; path = Victim.swift; sourceTree = "<group>"; };
		BD780041299D15F100C6C974 /* VictimsService.swift */ = {isa = PBXFileReference; lastKnownFileType = sourcecode.swift; path = VictimsService.swift; sourceTree = "<group>"; };
		BD780048299D581D00C6C974 /* VictimViewModel.swift */ = {isa = PBXFileReference; lastKnownFileType = sourcecode.swift; path = VictimViewModel.swift; sourceTree = "<group>"; };
		BD78004B299E5C8300C6C974 /* Subtitle.swift */ = {isa = PBXFileReference; lastKnownFileType = sourcecode.swift; path = Subtitle.swift; sourceTree = "<group>"; };
		BD78004F299E5F4E00C6C974 /* SubtitleViewModel.swift */ = {isa = PBXFileReference; lastKnownFileType = sourcecode.swift; path = SubtitleViewModel.swift; sourceTree = "<group>"; };
		BD780051299E5FA400C6C974 /* SubtitleView.swift */ = {isa = PBXFileReference; lastKnownFileType = sourcecode.swift; path = SubtitleView.swift; sourceTree = "<group>"; };
		BD780053299FA89200C6C974 /* AnagramView.swift */ = {isa = PBXFileReference; lastKnownFileType = sourcecode.swift; path = AnagramView.swift; sourceTree = "<group>"; };
		BDE36FC2299BBCF5005E399E /* BoardView.swift */ = {isa = PBXFileReference; lastKnownFileType = sourcecode.swift; path = BoardView.swift; sourceTree = "<group>"; };
		BDE36FCC299BDC77005E399E /* CardBoardView.swift */ = {isa = PBXFileReference; lastKnownFileType = sourcecode.swift; path = CardBoardView.swift; sourceTree = "<group>"; };
/* End PBXFileReference section */

/* Begin PBXFrameworksBuildPhase section */
		17A3BB55299A72B600D27026 /* Frameworks */ = {
			isa = PBXFrameworksBuildPhase;
			buildActionMask = 2147483647;
			files = (
			);
			runOnlyForDeploymentPostprocessing = 0;
		};
/* End PBXFrameworksBuildPhase section */

/* Begin PBXGroup section */
		173502C9299FD91700C57D55 /* Extensions */ = {
			isa = PBXGroup;
			children = (
				173502CA299FD92A00C57D55 /* Color+customColors.swift */,
				8B202F6329AB164C009C5CB6 /* Shape+Pentagon.swift */,
				8B0B824629AC2E3C00B4AE95 /* Shape+Triangle.swift */,
			);
			path = Extensions;
			sourceTree = "<group>";
		};
		173502CE299FF23000C57D55 /* Enumerations */ = {
			isa = PBXGroup;
			children = (
				17BA3DA229AA9AB500D7E810 /* Avatars.swift */,
				173502CC299FD97B00C57D55 /* Direction.swift */,
			);
			path = Enumerations;
			sourceTree = "<group>";
		};
		173502CF29A6928D00C57D55 /* Resources */ = {
			isa = PBXGroup;
			children = (
				17ED78AC29A8EDAF00CA20AF /* guitar.mpeg */,
				17ED78AB29A8EDAF00CA20AF /* piano.mpeg */,
				17ED78AA29A8EDAF00CA20AF /* sax.mpeg */,
				17ED78A929A8EDAF00CA20AF /* tambourine.mpeg */,
				173502DB29A6931F00C57D55 /* PTMono-Regular.ttf */,
				17ED78BA29A924B900CA20AF /* PTMono-Bold.ttf */,
				173502DA29A6931600C57D55 /* FuzzyBubbles-Regular.ttf */,
				173502D929A6931600C57D55 /* FuzzyBubbles-Bold.ttf */,
			);
			path = Resources;
			sourceTree = "<group>";
		};
		17A3BB4F299A72B600D27026 = {
			isa = PBXGroup;
			children = (
				17A3BB5A299A72B600D27026 /* CryptedTruth */,
				17A3BB69299A72CD00D27026 /* .gitignore */,
				17A3BB59299A72B600D27026 /* Products */,
			);
			sourceTree = "<group>";
		};
		17A3BB59299A72B600D27026 /* Products */ = {
			isa = PBXGroup;
			children = (
				17A3BB58299A72B600D27026 /* CryptedTruth.app */,
			);
			name = Products;
			sourceTree = "<group>";
		};
		17A3BB5A299A72B600D27026 /* CryptedTruth */ = {
			isa = PBXGroup;
			children = (
				17ED78B929A91ED500CA20AF /* Info.plist */,
				17A3BB5B299A72B600D27026 /* CryptedTruthApp.swift */,
				8D67B1E4299E9655003A2B09 /* MiniGame3 */,
				BD780047299D307100C6C974 /* Services */,
				BD780040299D13E400C6C974 /* Models */,
				BD78003C299D113900C6C974 /* Views */,
				BD78004A299D642800C6C974 /* ViewModel */,
				173502CE299FF23000C57D55 /* Enumerations */,
				173502C9299FD91700C57D55 /* Extensions */,
				17A3BB5F299A72B700D27026 /* Assets.xcassets */,
				173502CF29A6928D00C57D55 /* Resources */,
				17A3BB61299A72B700D27026 /* Preview Content */,
			);
			path = CryptedTruth;
			sourceTree = "<group>";
		};
		17A3BB61299A72B700D27026 /* Preview Content */ = {
			isa = PBXGroup;
			children = (
				17A3BB62299A72B700D27026 /* Preview Assets.xcassets */,
			);
			path = "Preview Content";
			sourceTree = "<group>";
		};
		8D67B1E4299E9655003A2B09 /* MiniGame3 */ = {
			isa = PBXGroup;
			children = (
				8D55F92E299D2CE500964EAC /* MiniGame3Images.swift */,
				8D55F930299D2D4400964EAC /* MiniGame3.swift */,
				8D67B1E2299E94D4003A2B09 /* MiniGame3CardButtonView.swift */,
			);
			path = MiniGame3;
			sourceTree = "<group>";
		};
		BD78003C299D113900C6C974 /* Views */ = {
			isa = PBXGroup;
			children = (
				BDE36FC2299BBCF5005E399E /* BoardView.swift */,
				BDE36FCC299BDC77005E399E /* CardBoardView.swift */,
				BD780051299E5FA400C6C974 /* SubtitleView.swift */,
				17EB95C429ABEF9C003407BF /* GeniusSubtitleView.swift */,
				BD780053299FA89200C6C974 /* AnagramView.swift */,
				173502C5299FD8D900C57D55 /* GeniusView.swift */,
				8BBBDC9529A7B57D00F40463 /* SmellMiniGame.swift */,
				8BBBDC9729A7B59200F40463 /* TasteMiniGame.swift */,
				BD6C973329AAA78400DF0AA5 /* ChallengeConcludedView.swift */,
				17EB95C229ABEE86003407BF /* GeniusConcludedView.swift */,
				8B202F5F29AB15B8009C5CB6 /* TasteSmellStructure.swift */,
				8B7FEA5829ABBD9E00ABCDF0 /* InitialView.swift */,
				8B7FEA5A29ABD03300ABCDF0 /* IntroductionView.swift */,
				1768019B29AC2EA500517A96 /* BlankButtonStyle.swift */,
			);
			path = Views;
			sourceTree = "<group>";
		};
		BD780040299D13E400C6C974 /* Models */ = {
			isa = PBXGroup;
			children = (
				BD78003D299D13C700C6C974 /* Victim.swift */,
				BD78004B299E5C8300C6C974 /* Subtitle.swift */,
				8B5B663F299E7AEA006A23CD /* Recipe.swift */,
				17ED78BC29A9872600CA20AF /* Instrument.swift */,
				8BBBDC9D29A8E99E00F40463 /* MiniGameSubtitle.swift */,
				17CA287D29AADD6200A3F563 /* GeniusMockedSwipes.swift */,
			);
			path = Models;
			sourceTree = "<group>";
		};
		BD780047299D307100C6C974 /* Services */ = {
			isa = PBXGroup;
			children = (
				17ED78B129A8F09C00CA20AF /* SoundManager.swift */,
				BD780041299D15F100C6C974 /* VictimsService.swift */,
				8B5B6641299E8169006A23CD /* RecipesService.swift */,
				8BBBDC9929A7B9EE00F40463 /* AromasService.swift */,
				8B202F6129AB15E9009C5CB6 /* MiniGameSubtitlesService.swift */,
				8B0B824429AC22FF00B4AE95 /* IntroductionSubtitlesService.swift */,
			);
			path = Services;
			sourceTree = "<group>";
		};
		BD78004A299D642800C6C974 /* ViewModel */ = {
			isa = PBXGroup;
			children = (
				BD780048299D581D00C6C974 /* VictimViewModel.swift */,
				BD78004F299E5F4E00C6C974 /* SubtitleViewModel.swift */,
				173502C7299FD8F000C57D55 /* GeniusViewModel.swift */,
				8B0B824829AC5E1900B4AE95 /* IntroductionViewModel.swift */,
			);
			path = ViewModel;
			sourceTree = "<group>";
		};
/* End PBXGroup section */

/* Begin PBXNativeTarget section */
		17A3BB57299A72B600D27026 /* CryptedTruth */ = {
			isa = PBXNativeTarget;
			buildConfigurationList = 17A3BB66299A72B700D27026 /* Build configuration list for PBXNativeTarget "CryptedTruth" */;
			buildPhases = (
				17A3BB54299A72B600D27026 /* Sources */,
				17A3BB55299A72B600D27026 /* Frameworks */,
				17A3BB56299A72B600D27026 /* Resources */,
			);
			buildRules = (
			);
			dependencies = (
			);
			name = CryptedTruth;
			packageProductDependencies = (
			);
			productName = CryptedTruth;
			productReference = 17A3BB58299A72B600D27026 /* CryptedTruth.app */;
			productType = "com.apple.product-type.application";
		};
/* End PBXNativeTarget section */

/* Begin PBXProject section */
		17A3BB50299A72B600D27026 /* Project object */ = {
			isa = PBXProject;
			attributes = {
				BuildIndependentTargetsInParallel = 1;
				LastSwiftUpdateCheck = 1420;
				LastUpgradeCheck = 1420;
				TargetAttributes = {
					17A3BB57299A72B600D27026 = {
						CreatedOnToolsVersion = 14.2;
					};
				};
			};
			buildConfigurationList = 17A3BB53299A72B600D27026 /* Build configuration list for PBXProject "CryptedTruth" */;
			compatibilityVersion = "Xcode 14.0";
			developmentRegion = en;
			hasScannedForEncodings = 0;
			knownRegions = (
				en,
				Base,
			);
			mainGroup = 17A3BB4F299A72B600D27026;
			packageReferences = (
			);
			productRefGroup = 17A3BB59299A72B600D27026 /* Products */;
			projectDirPath = "";
			projectRoot = "";
			targets = (
				17A3BB57299A72B600D27026 /* CryptedTruth */,
			);
		};
/* End PBXProject section */

/* Begin PBXResourcesBuildPhase section */
		17A3BB56299A72B600D27026 /* Resources */ = {
			isa = PBXResourcesBuildPhase;
			buildActionMask = 2147483647;
			files = (
				17ED78B729A91CBC00CA20AF /* FuzzyBubbles-Regular.ttf in Resources */,
				17ED78AF29A8EDAF00CA20AF /* piano.mpeg in Resources */,
				17CA287F29AAECD800A3F563 /* Assets.xcassets in Resources */,
				17ED78BB29A924B900CA20AF /* PTMono-Bold.ttf in Resources */,
				17ED78AD29A8EDAF00CA20AF /* tambourine.mpeg in Resources */,
				17ED78B629A91CBA00CA20AF /* FuzzyBubbles-Bold.ttf in Resources */,
				17A3BB63299A72B700D27026 /* Preview Assets.xcassets in Resources */,
				17ED78B829A91DF400CA20AF /* PTMono-Regular.ttf in Resources */,
				17ED78AE29A8EDAF00CA20AF /* sax.mpeg in Resources */,
				17A3BB6A299A72CD00D27026 /* .gitignore in Resources */,
				17ED78B029A8EDAF00CA20AF /* guitar.mpeg in Resources */,
			);
			runOnlyForDeploymentPostprocessing = 0;
		};
/* End PBXResourcesBuildPhase section */

/* Begin PBXSourcesBuildPhase section */
		17A3BB54299A72B600D27026 /* Sources */ = {
			isa = PBXSourcesBuildPhase;
			buildActionMask = 2147483647;
			files = (
				BDE36FC3299BBCF5005E399E /* BoardView.swift in Sources */,
				8D67B1E3299E94D4003A2B09 /* MiniGame3CardButtonView.swift in Sources */,
				8BBBDC9E29A8E99E00F40463 /* MiniGameSubtitle.swift in Sources */,
				8B202F6029AB15B8009C5CB6 /* TasteSmellStructure.swift in Sources */,
				8BBBDC9A29A7B9EE00F40463 /* AromasService.swift in Sources */,
				8D55F931299D2D4400964EAC /* MiniGame3.swift in Sources */,
				173502C8299FD8F000C57D55 /* GeniusViewModel.swift in Sources */,
				8B7FEA5B29ABD03300ABCDF0 /* IntroductionView.swift in Sources */,
				BD780050299E5F4E00C6C974 /* SubtitleViewModel.swift in Sources */,
				BD6C973429AAA78400DF0AA5 /* ChallengeConcludedView.swift in Sources */,
				17A3BB5C299A72B600D27026 /* CryptedTruthApp.swift in Sources */,
				8B0B824529AC22FF00B4AE95 /* IntroductionSubtitlesService.swift in Sources */,
				8B5B6640299E7AEA006A23CD /* Recipe.swift in Sources */,
				17EB95C329ABEE86003407BF /* GeniusConcludedView.swift in Sources */,
				8B202F6429AB164C009C5CB6 /* Shape+Pentagon.swift in Sources */,
				BD780049299D581D00C6C974 /* VictimViewModel.swift in Sources */,
				8B5B6642299E8169006A23CD /* RecipesService.swift in Sources */,
				17ED78B229A8F09C00CA20AF /* SoundManager.swift in Sources */,
				BD780042299D15F100C6C974 /* VictimsService.swift in Sources */,
				8BBBDC9629A7B57D00F40463 /* SmellMiniGame.swift in Sources */,
				8B7FEA5929ABBD9E00ABCDF0 /* InitialView.swift in Sources */,
				17EB95C629AC26E4003407BF /* GeniusSubtitleView.swift in Sources */,
				BD78004C299E5C8300C6C974 /* Subtitle.swift in Sources */,
				8B0B824929AC5E1900B4AE95 /* IntroductionViewModel.swift in Sources */,
				173502C6299FD8D900C57D55 /* GeniusView.swift in Sources */,
				BDE36FCD299BDC77005E399E /* CardBoardView.swift in Sources */,
				17ED78BD29A9872600CA20AF /* Instrument.swift in Sources */,
				1768019C29AC2EA500517A96 /* BlankButtonStyle.swift in Sources */,
				173502CD299FD97B00C57D55 /* Direction.swift in Sources */,
				173502CB299FD92A00C57D55 /* Color+customColors.swift in Sources */,
				8BBBDC9829A7B59200F40463 /* TasteMiniGame.swift in Sources */,
				BD78003E299D13C700C6C974 /* Victim.swift in Sources */,
				BD780054299FA89200C6C974 /* AnagramView.swift in Sources */,
				BD780052299E5FA400C6C974 /* SubtitleView.swift in Sources */,
				17CA287E29AADD6200A3F563 /* GeniusMockedSwipes.swift in Sources */,
				8D55F92F299D2CE500964EAC /* MiniGame3Images.swift in Sources */,
				8B0B824729AC2E3C00B4AE95 /* Shape+Triangle.swift in Sources */,
				8B202F6229AB15E9009C5CB6 /* MiniGameSubtitlesService.swift in Sources */,
				17BA3DA329AA9AB500D7E810 /* Avatars.swift in Sources */,
			);
			runOnlyForDeploymentPostprocessing = 0;
		};
/* End PBXSourcesBuildPhase section */

/* Begin XCBuildConfiguration section */
		17A3BB64299A72B700D27026 /* Debug */ = {
			isa = XCBuildConfiguration;
			buildSettings = {
				ALWAYS_SEARCH_USER_PATHS = NO;
				CLANG_ANALYZER_NONNULL = YES;
				CLANG_ANALYZER_NUMBER_OBJECT_CONVERSION = YES_AGGRESSIVE;
				CLANG_CXX_LANGUAGE_STANDARD = "gnu++20";
				CLANG_ENABLE_MODULES = YES;
				CLANG_ENABLE_OBJC_ARC = YES;
				CLANG_ENABLE_OBJC_WEAK = YES;
				CLANG_WARN_BLOCK_CAPTURE_AUTORELEASING = YES;
				CLANG_WARN_BOOL_CONVERSION = YES;
				CLANG_WARN_COMMA = YES;
				CLANG_WARN_CONSTANT_CONVERSION = YES;
				CLANG_WARN_DEPRECATED_OBJC_IMPLEMENTATIONS = YES;
				CLANG_WARN_DIRECT_OBJC_ISA_USAGE = YES_ERROR;
				CLANG_WARN_DOCUMENTATION_COMMENTS = YES;
				CLANG_WARN_EMPTY_BODY = YES;
				CLANG_WARN_ENUM_CONVERSION = YES;
				CLANG_WARN_INFINITE_RECURSION = YES;
				CLANG_WARN_INT_CONVERSION = YES;
				CLANG_WARN_NON_LITERAL_NULL_CONVERSION = YES;
				CLANG_WARN_OBJC_IMPLICIT_RETAIN_SELF = YES;
				CLANG_WARN_OBJC_LITERAL_CONVERSION = YES;
				CLANG_WARN_OBJC_ROOT_CLASS = YES_ERROR;
				CLANG_WARN_QUOTED_INCLUDE_IN_FRAMEWORK_HEADER = YES;
				CLANG_WARN_RANGE_LOOP_ANALYSIS = YES;
				CLANG_WARN_STRICT_PROTOTYPES = YES;
				CLANG_WARN_SUSPICIOUS_MOVE = YES;
				CLANG_WARN_UNGUARDED_AVAILABILITY = YES_AGGRESSIVE;
				CLANG_WARN_UNREACHABLE_CODE = YES;
				CLANG_WARN__DUPLICATE_METHOD_MATCH = YES;
				COPY_PHASE_STRIP = NO;
				DEBUG_INFORMATION_FORMAT = dwarf;
				ENABLE_STRICT_OBJC_MSGSEND = YES;
				ENABLE_TESTABILITY = YES;
				GCC_C_LANGUAGE_STANDARD = gnu11;
				GCC_DYNAMIC_NO_PIC = NO;
				GCC_NO_COMMON_BLOCKS = YES;
				GCC_OPTIMIZATION_LEVEL = 0;
				GCC_PREPROCESSOR_DEFINITIONS = (
					"DEBUG=1",
					"$(inherited)",
				);
				GCC_WARN_64_TO_32_BIT_CONVERSION = YES;
				GCC_WARN_ABOUT_RETURN_TYPE = YES_ERROR;
				GCC_WARN_UNDECLARED_SELECTOR = YES;
				GCC_WARN_UNINITIALIZED_AUTOS = YES_AGGRESSIVE;
				GCC_WARN_UNUSED_FUNCTION = YES;
				GCC_WARN_UNUSED_VARIABLE = YES;
				MTL_ENABLE_DEBUG_INFO = INCLUDE_SOURCE;
				MTL_FAST_MATH = YES;
				ONLY_ACTIVE_ARCH = YES;
				SDKROOT = appletvos;
				SWIFT_ACTIVE_COMPILATION_CONDITIONS = DEBUG;
				SWIFT_OPTIMIZATION_LEVEL = "-Onone";
				TVOS_DEPLOYMENT_TARGET = 16.1;
			};
			name = Debug;
		};
		17A3BB65299A72B700D27026 /* Release */ = {
			isa = XCBuildConfiguration;
			buildSettings = {
				ALWAYS_SEARCH_USER_PATHS = NO;
				CLANG_ANALYZER_NONNULL = YES;
				CLANG_ANALYZER_NUMBER_OBJECT_CONVERSION = YES_AGGRESSIVE;
				CLANG_CXX_LANGUAGE_STANDARD = "gnu++20";
				CLANG_ENABLE_MODULES = YES;
				CLANG_ENABLE_OBJC_ARC = YES;
				CLANG_ENABLE_OBJC_WEAK = YES;
				CLANG_WARN_BLOCK_CAPTURE_AUTORELEASING = YES;
				CLANG_WARN_BOOL_CONVERSION = YES;
				CLANG_WARN_COMMA = YES;
				CLANG_WARN_CONSTANT_CONVERSION = YES;
				CLANG_WARN_DEPRECATED_OBJC_IMPLEMENTATIONS = YES;
				CLANG_WARN_DIRECT_OBJC_ISA_USAGE = YES_ERROR;
				CLANG_WARN_DOCUMENTATION_COMMENTS = YES;
				CLANG_WARN_EMPTY_BODY = YES;
				CLANG_WARN_ENUM_CONVERSION = YES;
				CLANG_WARN_INFINITE_RECURSION = YES;
				CLANG_WARN_INT_CONVERSION = YES;
				CLANG_WARN_NON_LITERAL_NULL_CONVERSION = YES;
				CLANG_WARN_OBJC_IMPLICIT_RETAIN_SELF = YES;
				CLANG_WARN_OBJC_LITERAL_CONVERSION = YES;
				CLANG_WARN_OBJC_ROOT_CLASS = YES_ERROR;
				CLANG_WARN_QUOTED_INCLUDE_IN_FRAMEWORK_HEADER = YES;
				CLANG_WARN_RANGE_LOOP_ANALYSIS = YES;
				CLANG_WARN_STRICT_PROTOTYPES = YES;
				CLANG_WARN_SUSPICIOUS_MOVE = YES;
				CLANG_WARN_UNGUARDED_AVAILABILITY = YES_AGGRESSIVE;
				CLANG_WARN_UNREACHABLE_CODE = YES;
				CLANG_WARN__DUPLICATE_METHOD_MATCH = YES;
				COPY_PHASE_STRIP = NO;
				DEBUG_INFORMATION_FORMAT = "dwarf-with-dsym";
				ENABLE_NS_ASSERTIONS = NO;
				ENABLE_STRICT_OBJC_MSGSEND = YES;
				GCC_C_LANGUAGE_STANDARD = gnu11;
				GCC_NO_COMMON_BLOCKS = YES;
				GCC_WARN_64_TO_32_BIT_CONVERSION = YES;
				GCC_WARN_ABOUT_RETURN_TYPE = YES_ERROR;
				GCC_WARN_UNDECLARED_SELECTOR = YES;
				GCC_WARN_UNINITIALIZED_AUTOS = YES_AGGRESSIVE;
				GCC_WARN_UNUSED_FUNCTION = YES;
				GCC_WARN_UNUSED_VARIABLE = YES;
				MTL_ENABLE_DEBUG_INFO = NO;
				MTL_FAST_MATH = YES;
				SDKROOT = appletvos;
				SWIFT_COMPILATION_MODE = wholemodule;
				SWIFT_OPTIMIZATION_LEVEL = "-O";
				TVOS_DEPLOYMENT_TARGET = 16.1;
				VALIDATE_PRODUCT = YES;
			};
			name = Release;
		};
		17A3BB67299A72B700D27026 /* Debug */ = {
			isa = XCBuildConfiguration;
			buildSettings = {
				ASSETCATALOG_COMPILER_APPICON_NAME = "App Icon & Top Shelf Image";
				ASSETCATALOG_COMPILER_GLOBAL_ACCENT_COLOR_NAME = AccentColor;
				CODE_SIGN_STYLE = Automatic;
				CURRENT_PROJECT_VERSION = 1;
				DEVELOPMENT_ASSET_PATHS = "\"CryptedTruth/Preview Content\"";
				DEVELOPMENT_TEAM = "";
				ENABLE_PREVIEWS = YES;
				GENERATE_INFOPLIST_FILE = YES;
				INFOPLIST_FILE = CryptedTruth/Info.plist;
				INFOPLIST_KEY_UILaunchScreen_Generation = YES;
				INFOPLIST_KEY_UIUserInterfaceStyle = Automatic;
				LD_RUNPATH_SEARCH_PATHS = (
					"$(inherited)",
					"@executable_path/Frameworks",
				);
				MARKETING_VERSION = 1.0;
				PRODUCT_BUNDLE_IDENTIFIER = com.devacademymao.CryptedTruth;
				PRODUCT_NAME = "$(TARGET_NAME)";
				SWIFT_EMIT_LOC_STRINGS = YES;
				SWIFT_VERSION = 5.0;
				TARGETED_DEVICE_FAMILY = 3;
			};
			name = Debug;
		};
		17A3BB68299A72B700D27026 /* Release */ = {
			isa = XCBuildConfiguration;
			buildSettings = {
				ASSETCATALOG_COMPILER_APPICON_NAME = "App Icon & Top Shelf Image";
				ASSETCATALOG_COMPILER_GLOBAL_ACCENT_COLOR_NAME = AccentColor;
				CODE_SIGN_STYLE = Automatic;
				CURRENT_PROJECT_VERSION = 1;
				DEVELOPMENT_ASSET_PATHS = "\"CryptedTruth/Preview Content\"";
				DEVELOPMENT_TEAM = "";
				ENABLE_PREVIEWS = YES;
				GENERATE_INFOPLIST_FILE = YES;
				INFOPLIST_FILE = CryptedTruth/Info.plist;
				INFOPLIST_KEY_UILaunchScreen_Generation = YES;
				INFOPLIST_KEY_UIUserInterfaceStyle = Automatic;
				LD_RUNPATH_SEARCH_PATHS = (
					"$(inherited)",
					"@executable_path/Frameworks",
				);
				MARKETING_VERSION = 1.0;
				PRODUCT_BUNDLE_IDENTIFIER = com.devacademymao.CryptedTruth;
				PRODUCT_NAME = "$(TARGET_NAME)";
				SWIFT_EMIT_LOC_STRINGS = YES;
				SWIFT_VERSION = 5.0;
				TARGETED_DEVICE_FAMILY = 3;
			};
			name = Release;
		};
/* End XCBuildConfiguration section */

/* Begin XCConfigurationList section */
		17A3BB53299A72B600D27026 /* Build configuration list for PBXProject "CryptedTruth" */ = {
			isa = XCConfigurationList;
			buildConfigurations = (
				17A3BB64299A72B700D27026 /* Debug */,
				17A3BB65299A72B700D27026 /* Release */,
			);
			defaultConfigurationIsVisible = 0;
			defaultConfigurationName = Release;
		};
		17A3BB66299A72B700D27026 /* Build configuration list for PBXNativeTarget "CryptedTruth" */ = {
			isa = XCConfigurationList;
			buildConfigurations = (
				17A3BB67299A72B700D27026 /* Debug */,
				17A3BB68299A72B700D27026 /* Release */,
			);
			defaultConfigurationIsVisible = 0;
			defaultConfigurationName = Release;
		};
/* End XCConfigurationList section */
	};
	rootObject = 17A3BB50299A72B600D27026 /* Project object */;
}
